{
  "nodes": {
    "dotfiles": {
      "flake": false,
      "locked": {
        "lastModified": 1789674718,
        "narHash": "sha256-geDJHjJKbfS27BOdVD/6Z+vnlocYjiZsmiVj7NdMer8=",
        "ref": "refs/heads/main",
        "rev": "9a207b2b92f9210de0712a1e7afac5de0d2bbeb6",
        "revCount": 6368,
        "submodules": true,
        "type": "git",
        "url": "https://github.com/npontious/dots-hyprland.git"
      },
      "original": {
        "submodules": true,
        "type": "git",
        "url": "https://github.com/npontious/dots-hyprland.git"
      }
    },
    "flake-parts": {
      "inputs": {
        "nixpkgs-lib": [
          "nur",
          "nixpkgs"
        ]
      },
      "locked": {
        "lastModified": 1733312601,
        "narHash": "sha256-4pDvzqnegAfRkPwO3wmwBhVi/Sye1mzps0zHWYnP88c=",
        "owner": "hercules-ci",
        "repo": "flake-parts",
        "rev": "205b12d8b7cd4802fbcb8e8ef6a0f1408781a4f9",
        "type": "github"
      },
      "original": {
        "owner": "hercules-ci",
        "repo": "flake-parts",
        "type": "github"
      }
    },
    "flake-parts_2": {
      "inputs": {
        "nixpkgs-lib": [
          "packages",
          "nur",
          "nixpkgs"
        ]
      },
      "locked": {
        "lastModified": 1733312601,
        "narHash": "sha256-4pDvzqnegAfRkPwO3wmwBhVi/Sye1mzps0zHWYnP88c=",
        "owner": "hercules-ci",
        "repo": "flake-parts",
        "rev": "205b12d8b7cd4802fbcb8e8ef6a0f1408781a4f9",
        "type": "github"
      },
      "original": {
        "owner": "hercules-ci",
        "repo": "flake-parts",
        "type": "github"
      }
    },
    "nixpkgs": {
      "locked": {
        "lastModified": 1782723713,
        "narHash": "sha256-oPXCU/SSUokcGaJREHibG1CBX3+s/W7orDWQOZDsEeQ=",
        "ref": "nixos-unstable",
        "rev": "b5aa0fbd538984f6e3d201be0005b4463d8b09f8",
        "shallow": true,
        "type": "git",
        "url": "http://mirrors.tuna.tsinghua.edu.cn/git/nixpkgs.git"
      },
      "original": {
        "ref": "nixos-unstable",
        "shallow": true,
        "type": "git",
        "url": "http://mirrors.tuna.tsinghua.edu.cn/git/nixpkgs.git"
      }
    },
    "nur": {
      "inputs": {
        "flake-parts": "flake-parts",
        "nixpkgs": [
          "nixpkgs"
        ]
      },
      "locked": {
        "lastModified": 1783031402,
        "narHash": "sha256-MHbJQQzoG6YCof4dxNWxDSduSbtVqwFUedAInfvssQo=",
        "owner": "nix-community",
        "repo": "NUR",
        "rev": "720b8e50cb26725d494c323c7865f89593e161a9",
        "type": "github"
      },
      "original": {
        "owner": "nix-community",
        "repo": "NUR",
        "type": "github"
      }
    },
    "nur_2": {
      "inputs": {
        "flake-parts": "flake-parts_2",
        "nixpkgs": [
          "packages",
          "nixpkgs"
        ]
      },
      "locked": {
        "lastModified": 1791114875,
        "narHash": "sha256-YLT4XLMnA5gtKRFLA3GqUbYZzhskVK7tC1OuC7ovWIw=",
        "owner": "nix-community",
        "repo": "NUR",
        "rev": "f15af5255f44d990552632df6672f5daa4f1b2d0",
        "type": "github"
      },
      "original": {
        "owner": "nix-community",
        "repo": "NUR",
        "type": "github"
      }
    },
    "packages": {
      "inputs": {
        "nixpkgs": [
          "nixpkgs"
        ],
        "nur": "nur_2"
      },
      "locked": {
        "lastModified": 1791133543,
        "narHash": "sha256-YKPvC3PAb9w3J5zf/J8squkk9ji0GOPMNNwBWjpMxW8=",
        "ref": "refs/heads/main",
        "rev": "fe9b5d89357d25e398ebeb08c0b1c34cebdcd730",
        "revCount": 29,
        "type": "git",
        "url": "https://codeberg.org/LittleYe233/packages.nix"
      },
      "original": {
        "type": "git",
        "url": "https://codeberg.org/LittleYe233/packages.nix"
      }
    },
    "quickshell": {
      "inputs": {
        "nixpkgs": [
          "nixpkgs"
        ]
      },
      "locked": {
        "lastModified": 1790343625,
        "narHash": "sha256-dLtjYGr1sTihGhsISR71LB17E6m0r18JhF+6BNAHy0M=",
        "ref": "refs/heads/master",
        "rev": "41651d7dcd62a9400eb6f4f8a8580efe00901efb",
        "revCount": 864,
        "type": "git",
        "url": "https://git.outfoxxed.me/quickshell/quickshell"
      },
      "original": {
        "rev": "41651d7dcd62a9400eb6f4f8a8580efe00901efb",
        "type": "git",
        "url": "https://git.outfoxxed.me/quickshell/quickshell"
      }
    },
    "root": {
      "inputs": {
        "dotfiles": "dotfiles",
        "nixpkgs": "nixpkgs",
        "nur": "nur",
        "packages": "packages",
        "quickshell": "quickshell",
        "split-monitor-workspaces": "split-monitor-workspaces"
      }
    },
    "split-monitor-workspaces": {
      "flake": false,
      "locked": {
        "lastModified": 1788534614,
        "narHash": "sha256-XWYr2htfeFVvgXYKe2uO32mDON5E6gi16lqq0DlWoO8=",
        "owner": "zjeffer",
        "repo": "split-monitor-workspaces",
        "rev": "ccea60995001207be0d7a5cda25795f6300d806b",
        "type": "github"
      },
      "original": {
        "owner": "zjeffer",
        "repo": "split-monitor-workspaces",
        "type": "github"
      }
    }
  },
  "root": "root",
  "version": 7
}
