{
  "nodes": {
    "dotfiles": {
      "flake": false,
      "locked": {
        "lastModified": 1773412909,
        "narHash": "sha256-nzxcELpczpmU8/NzMGHfkxf7TcafyMa8pUlPZEwS7Nc=",
        "ref": "refs/heads/main",
        "rev": "cc9661731bed0f4afb92bd5d07b799beaa6991ac",
        "revCount": 5998,
        "submodules": true,
        "type": "git",
        "url": "https://github.com/LittleYe233/dots-hyprland"
      },
      "original": {
        "submodules": true,
        "type": "git",
        "url": "https://github.com/LittleYe233/dots-hyprland"
      }
    },
    "flake-parts": {
      "inputs": {
        "nixpkgs-lib": [
          "nur",
          "nixpkgs"
        ]
      },
      "locked": {
        "lastModified": 1733312601,
        "narHash": "sha256-4pDvzqnegAfRkPwO3wmwBhVi/Sye1mzps0zHWYnP88c=",
        "owner": "hercules-ci",
        "repo": "flake-parts",
        "rev": "205b12d8b7cd4802fbcb8e8ef6a0f1408781a4f9",
        "type": "github"
      },
      "original": {
        "owner": "hercules-ci",
        "repo": "flake-parts",
        "type": "github"
      }
    },
    "nixpkgs": {
      "locked": {
        "lastModified": 1773282481,
        "narHash": "sha256-b/GV2ysM8mKHhinse2wz+uP37epUrSE+sAKXy/xvBY4=",
        "ref": "nixos-unstable",
        "rev": "fe416aaedd397cacb33a610b33d60ff2b431b127",
        "shallow": true,
        "type": "git",
        "url": "http://mirrors.tuna.tsinghua.edu.cn/git/nixpkgs.git"
      },
      "original": {
        "ref": "nixos-unstable",
        "shallow": true,
        "type": "git",
        "url": "http://mirrors.tuna.tsinghua.edu.cn/git/nixpkgs.git"
      }
    },
    "nur": {
      "inputs": {
        "flake-parts": "flake-parts",
        "nixpkgs": [
          "nixpkgs"
        ]
      },
      "locked": {
        "lastModified": 1773419035,
        "narHash": "sha256-DkrwjsOspwRxkfV7M/w0D5Xx3ivTdfswz2sKMmYF4g8=",
        "owner": "nix-community",
        "repo": "NUR",
        "rev": "b1c62fc4a4aaee2ec7cb2edb42fb4331932c2fc0",
        "type": "github"
      },
      "original": {
        "owner": "nix-community",
        "repo": "NUR",
        "type": "github"
      }
    },
    "quickshell": {
      "inputs": {
        "nixpkgs": [
          "nixpkgs"
        ]
      },
      "locked": {
        "lastModified": 1773916211,
        "narHash": "sha256-FyO/nPw2CZn35YL22Xl8V5qkTTANwKoNw2MIAIcmZH0=",
        "ref": "refs/heads/master",
        "rev": "7511545ee20664e3b8b8d3322c0ffe7567c56f7a",
        "revCount": 770,
        "type": "git",
        "url": "https://git.outfoxxed.me/quickshell/quickshell"
      },
      "original": {
        "rev": "7511545ee20664e3b8b8d3322c0ffe7567c56f7a",
        "type": "git",
        "url": "https://git.outfoxxed.me/quickshell/quickshell"
      }
    },
    "root": {
      "inputs": {
        "dotfiles": "dotfiles",
        "nixpkgs": "nixpkgs",
        "nur": "nur",
        "quickshell": "quickshell"
      }
    }
  },
  "root": "root",
  "version": 7
}
